// !$*UTF8*$!
{
	archiveVersion = 1;
	classes = {
	};
	objectVersion = 46;
	objects = {

/* Begin PBXBuildFile section */
		0BB51F7A1822ADB2003C1073 /* UIKit.framework in Frameworks */ = {isa = PBXBuildFile; fileRef = 0BB51F791822ADB2003C1073 /* UIKit.framework */; };
		0BB51F7C1822ADB2003C1073 /* Foundation.framework in Frameworks */ = {isa = PBXBuildFile; fileRef = 0BB51F7B1822ADB2003C1073 /* Foundation.framework */; };
		0BB51F7E1822ADB2003C1073 /* CoreGraphics.framework in Frameworks */ = {isa = PBXBuildFile; fileRef = 0BB51F7D1822ADB2003C1073 /* CoreGraphics.framework */; };
		0BB51F841822ADB2003C1073 /* InfoPlist.strings in Resources */ = {isa = PBXBuildFile; fileRef = 0BB51F821822ADB2003C1073 /* InfoPlist.strings */; };
		0BB51F861822ADB2003C1073 /* main.m in Sources */ = {isa = PBXBuildFile; fileRef = 0BB51F851822ADB2003C1073 /* main.m */; };
		0BB51F8A1822ADB2003C1073 /* MADAppDelegate.m in Sources */ = {isa = PBXBuildFile; fileRef = 0BB51F891822ADB2003C1073 /* MADAppDelegate.m */; };
		0BB51F8C1822ADB2003C1073 /* Default.png in Resources */ = {isa = PBXBuildFile; fileRef = 0BB51F8B1822ADB2003C1073 /* Default.png */; };
		0BB51F8E1822ADB2003C1073 /* Default@2x.png in Resources */ = {isa = PBXBuildFile; fileRef = 0BB51F8D1822ADB2003C1073 /* Default@2x.png */; };
		0BB51F901822ADB2003C1073 /* Default-568h@2x.png in Resources */ = {isa = PBXBuildFile; fileRef = 0BB51F8F1822ADB2003C1073 /* Default-568h@2x.png */; };
		0BB51F931822ADB2003C1073 /* MainStoryboard.storyboard in Resources */ = {isa = PBXBuildFile; fileRef = 0BB51F911822ADB2003C1073 /* MainStoryboard.storyboard */; };
		0BB51F961822ADB2003C1073 /* MADMasterViewController.m in Sources */ = {isa = PBXBuildFile; fileRef = 0BB51F951822ADB2003C1073 /* MADMasterViewController.m */; };
		0BB51F991822ADB2003C1073 /* MADDetailViewController.m in Sources */ = {isa = PBXBuildFile; fileRef = 0BB51F981822ADB2003C1073 /* MADDetailViewController.m */; };
		0BB51FA01822B17E003C1073 /* harrypotter.plist in Resources */ = {isa = PBXBuildFile; fileRef = 0BB51F9F1822B17E003C1073 /* harrypotter.plist */; };
/* End PBXBuildFile section */

/* Begin PBXFileReference section */
		0BB51F761822ADB2003C1073 /* harrypotter_2.app */ = {isa = PBXFileReference; explicitFileType = wrapper.application; includeInIndex = 0; path = harrypotter_2.app; sourceTree = BUILT_PRODUCTS_DIR; };
		0BB51F791822ADB2003C1073 /* UIKit.framework */ = {isa = PBXFileReference; lastKnownFileType = wrapper.framework; name = UIKit.framework; path = System/Library/Frameworks/UIKit.framework; sourceTree = SDKROOT; };
		0BB51F7B1822ADB2003C1073 /* Foundation.framework */ = {isa = PBXFileReference; lastKnownFileType = wrapper.framework; name = Foundation.framework; path = System/Library/Frameworks/Foundation.framework; sourceTree = SDKROOT; };
		0BB51F7D1822ADB2003C1073 /* CoreGraphics.framework */ = {isa = PBXFileReference; lastKnownFileType = wrapper.framework; name = CoreGraphics.framework; path = System/Library/Frameworks/CoreGraphics.framework; sourceTree = SDKROOT; };
		0BB51F811822ADB2003C1073 /* harrypotter_2-Info.plist */ = {isa = PBXFileReference; lastKnownFileType = text.plist.xml; path = "harrypotter_2-Info.plist"; sourceTree = "<group>"; };
		0BB51F831822ADB2003C1073 /* en */ = {isa = PBXFileReference; lastKnownFileType = text.plist.strings; name = en; path = en.lproj/InfoPlist.strings; sourceTree = "<group>"; };
		0BB51F851822ADB2003C1073 /* main.m */ = {isa = PBXFileReference; lastKnownFileType = sourcecode.c.objc; path = main.m; sourceTree = "<group>"; };
		0BB51F871822ADB2003C1073 /* harrypotter_2-Prefix.pch */ = {isa = PBXFileReference; lastKnownFileType = sourcecode.c.h; path = "harrypotter_2-Prefix.pch"; sourceTree = "<group>"; };
		0BB51F881822ADB2003C1073 /* MADAppDelegate.h */ = {isa = PBXFileReference; lastKnownFileType = sourcecode.c.h; path = MADAppDelegate.h; sourceTree = "<group>"; };
		0BB51F891822ADB2003C1073 /* MADAppDelegate.m */ = {isa = PBXFileReference; lastKnownFileType = sourcecode.c.objc; path = MADAppDelegate.m; sourceTree = "<group>"; };
		0BB51F8B1822ADB2003C1073 /* Default.png */ = {isa = PBXFileReference; lastKnownFileType = image.png; path = Default.png; sourceTree = "<group>"; };
		0BB51F8D1822ADB2003C1073 /* Default@2x.png */ = {isa = PBXFileReference; lastKnownFileType = image.png; path = "Default@2x.png"; sourceTree = "<group>"; };
		0BB51F8F1822ADB2003C1073 /* Default-568h@2x.png */ = {isa = PBXFileReference; lastKnownFileType = image.png; path = "Default-568h@2x.png"; sourceTree = "<group>"; };
		0BB51F921822ADB2003C1073 /* en */ = {isa = PBXFileReference; lastKnownFileType = file.storyboard; name = en; path = en.lproj/MainStoryboard.storyboard; sourceTree = "<group>"; };
		0BB51F941822ADB2003C1073 /* MADMasterViewController.h */ = {isa = PBXFileReference; lastKnownFileType = sourcecode.c.h; path = MADMasterViewController.h; sourceTree = "<group>"; };
		0BB51F951822ADB2003C1073 /* MADMasterViewController.m */ = {isa = PBXFileReference; lastKnownFileType = sourcecode.c.objc; path = MADMasterViewController.m; sourceTree = "<group>"; };
		0BB51F971822ADB2003C1073 /* MADDetailViewController.h */ = {isa = PBXFileReference; lastKnownFileType = sourcecode.c.h; path = MADDetailViewController.h; sourceTree = "<group>"; };
		0BB51F981822ADB2003C1073 /* MADDetailViewController.m */ = {isa = PBXFileReference; lastKnownFileType = sourcecode.c.objc; path = MADDetailViewController.m; sourceTree = "<group>"; };
		0BB51F9F1822B17E003C1073 /* harrypotter.plist */ = {isa = PBXFileReference; fileEncoding = 4; lastKnownFileType = text.plist.xml; path = harrypotter.plist; sourceTree = "<group>"; };
/* End PBXFileReference section */

/* Begin PBXFrameworksBuildPhase section */
		0BB51F731822ADB2003C1073 /* Frameworks */ = {
			isa = PBXFrameworksBuildPhase;
			buildActionMask = 2147483647;
			files = (
				0BB51F7A1822ADB2003C1073 /* UIKit.framework in Frameworks */,
				0BB51F7C1822ADB2003C1073 /* Foundation.framework in Frameworks */,
				0BB51F7E1822ADB2003C1073 /* CoreGraphics.framework in Frameworks */,
			);
			runOnlyForDeploymentPostprocessing = 0;
		};
/* End PBXFrameworksBuildPhase section */

/* Begin PBXGroup section */
		0BB51F6D1822ADB2003C1073 = {
			isa = PBXGroup;
			children = (
				0BB51F7F1822ADB2003C1073 /* harrypotter_2 */,
				0BB51F781822ADB2003C1073 /* Frameworks */,
				0BB51F771822ADB2003C1073 /* Products */,
			);
			sourceTree = "<group>";
		};
		0BB51F771822ADB2003C1073 /* Products */ = {
			isa = PBXGroup;
			children = (
				0BB51F761822ADB2003C1073 /* harrypotter_2.app */,
			);
			name = Products;
			sourceTree = "<group>";
		};
		0BB51F781822ADB2003C1073 /* Frameworks */ = {
			isa = PBXGroup;
			children = (
				0BB51F791822ADB2003C1073 /* UIKit.framework */,
				0BB51F7B1822ADB2003C1073 /* Foundation.framework */,
				0BB51F7D1822ADB2003C1073 /* CoreGraphics.framework */,
			);
			name = Frameworks;
			sourceTree = "<group>";
		};
		0BB51F7F1822ADB2003C1073 /* harrypotter_2 */ = {
			isa = PBXGroup;
			children = (
				0BB51F881822ADB2003C1073 /* MADAppDelegate.h */,
				0BB51F891822ADB2003C1073 /* MADAppDelegate.m */,
				0BB51F911822ADB2003C1073 /* MainStoryboard.storyboard */,
				0BB51F941822ADB2003C1073 /* MADMasterViewController.h */,
				0BB51F951822ADB2003C1073 /* MADMasterViewController.m */,
				0BB51F971822ADB2003C1073 /* MADDetailViewController.h */,
				0BB51F981822ADB2003C1073 /* MADDetailViewController.m */,
				0BB51F801822ADB2003C1073 /* Supporting Files */,
			);
			path = harrypotter_2;
			sourceTree = "<group>";
		};
		0BB51F801822ADB2003C1073 /* Supporting Files */ = {
			isa = PBXGroup;
			children = (
				0BB51F9F1822B17E003C1073 /* harrypotter.plist */,
				0BB51F811822ADB2003C1073 /* harrypotter_2-Info.plist */,
				0BB51F821822ADB2003C1073 /* InfoPlist.strings */,
				0BB51F851822ADB2003C1073 /* main.m */,
				0BB51F871822ADB2003C1073 /* harrypotter_2-Prefix.pch */,
				0BB51F8B1822ADB2003C1073 /* Default.png */,
				0BB51F8D1822ADB2003C1073 /* Default@2x.png */,
				0BB51F8F1822ADB2003C1073 /* Default-568h@2x.png */,
			);
			name = "Supporting Files";
			sourceTree = "<group>";
		};
/* End PBXGroup section */

/* Begin PBXNativeTarget section */
		0BB51F751822ADB2003C1073 /* harrypotter_2 */ = {
			isa = PBXNativeTarget;
			buildConfigurationList = 0BB51F9C1822ADB2003C1073 /* Build configuration list for PBXNativeTarget "harrypotter_2" */;
			buildPhases = (
				0BB51F721822ADB2003C1073 /* Sources */,
				0BB51F731822ADB2003C1073 /* Frameworks */,
				0BB51F741822ADB2003C1073 /* Resources */,
			);
			buildRules = (
			);
			dependencies = (
			);
			name = harrypotter_2;
			productName = harrypotter_2;
			productReference = 0BB51F761822ADB2003C1073 /* harrypotter_2.app */;
			productType = "com.apple.product-type.application";
		};
/* End PBXNativeTarget section */

/* Begin PBXProject section */
		0BB51F6E1822ADB2003C1073 /* Project object */ = {
			isa = PBXProject;
			attributes = {
				CLASSPREFIX = MAD;
				LastUpgradeCheck = 0460;
				ORGANIZATIONNAME = "Emily Sayrs";
			};
			buildConfigurationList = 0BB51F711822ADB2003C1073 /* Build configuration list for PBXProject "harrypotter_2" */;
			compatibilityVersion = "Xcode 3.2";
			developmentRegion = English;
			hasScannedForEncodings = 0;
			knownRegions = (
				en,
			);
			mainGroup = 0BB51F6D1822ADB2003C1073;
			productRefGroup = 0BB51F771822ADB2003C1073 /* Products */;
			projectDirPath = "";
			projectRoot = "";
			targets = (
				0BB51F751822ADB2003C1073 /* harrypotter_2 */,
			);
		};
/* End PBXProject section */

/* Begin PBXResourcesBuildPhase section */
		0BB51F741822ADB2003C1073 /* Resources */ = {
			isa = PBXResourcesBuildPhase;
			buildActionMask = 2147483647;
			files = (
				0BB51F841822ADB2003C1073 /* InfoPlist.strings in Resources */,
				0BB51F8C1822ADB2003C1073 /* Default.png in Resources */,
				0BB51F8E1822ADB2003C1073 /* Default@2x.png in Resources */,
				0BB51F901822ADB2003C1073 /* Default-568h@2x.png in Resources */,
				0BB51F931822ADB2003C1073 /* MainStoryboard.storyboard in Resources */,
				0BB51FA01822B17E003C1073 /* harrypotter.plist in Resources */,
			);
			runOnlyForDeploymentPostprocessing = 0;
		};
/* End PBXResourcesBuildPhase section */

/* Begin PBXSourcesBuildPhase section */
		0BB51F721822ADB2003C1073 /* Sources */ = {
			isa = PBXSourcesBuildPhase;
			buildActionMask = 2147483647;
			files = (
				0BB51F861822ADB2003C1073 /* main.m in Sources */,
				0BB51F8A1822ADB2003C1073 /* MADAppDelegate.m in Sources */,
				0BB51F961822ADB2003C1073 /* MADMasterViewController.m in Sources */,
				0BB51F991822ADB2003C1073 /* MADDetailViewController.m in Sources */,
			);
			runOnlyForDeploymentPostprocessing = 0;
		};
/* End PBXSourcesBuildPhase section */

/* Begin PBXVariantGroup section */
		0BB51F821822ADB2003C1073 /* InfoPlist.strings */ = {
			isa = PBXVariantGroup;
			children = (
				0BB51F831822ADB2003C1073 /* en */,
			);
			name = InfoPlist.strings;
			sourceTree = "<group>";
		};
		0BB51F911822ADB2003C1073 /* MainStoryboard.storyboard */ = {
			isa = PBXVariantGroup;
			children = (
				0BB51F921822ADB2003C1073 /* en */,
			);
			name = MainStoryboard.storyboard;
			sourceTree = "<group>";
		};
/* End PBXVariantGroup section */

/* Begin XCBuildConfiguration section */
		0BB51F9A1822ADB2003C1073 /* Debug */ = {
			isa = XCBuildConfiguration;
			buildSettings = {
				ALWAYS_SEARCH_USER_PATHS = NO;
				CLANG_CXX_LANGUAGE_STANDARD = "gnu++0x";
				CLANG_CXX_LIBRARY = "libc++";
				CLANG_ENABLE_OBJC_ARC = YES;
				CLANG_WARN_CONSTANT_CONVERSION = YES;
				CLANG_WARN_EMPTY_BODY = YES;
				CLANG_WARN_ENUM_CONVERSION = YES;
				CLANG_WARN_INT_CONVERSION = YES;
				CLANG_WARN__DUPLICATE_METHOD_MATCH = YES;
				"CODE_SIGN_IDENTITY[sdk=iphoneos*]" = "iPhone Developer";
				COPY_PHASE_STRIP = NO;
				GCC_C_LANGUAGE_STANDARD = gnu99;
				GCC_DYNAMIC_NO_PIC = NO;
				GCC_OPTIMIZATION_LEVEL = 0;
				GCC_PREPROCESSOR_DEFINITIONS = (
					"DEBUG=1",
					"$(inherited)",
				);
				GCC_SYMBOLS_PRIVATE_EXTERN = NO;
				GCC_WARN_ABOUT_RETURN_TYPE = YES;
				GCC_WARN_UNINITIALIZED_AUTOS = YES;
				GCC_WARN_UNUSED_VARIABLE = YES;
				IPHONEOS_DEPLOYMENT_TARGET = 6.1;
				ONLY_ACTIVE_ARCH = YES;
				SDKROOT = iphoneos;
				TARGETED_DEVICE_FAMILY = 2;
			};
			name = Debug;
		};
		0BB51F9B1822ADB2003C1073 /* Release */ = {
			isa = XCBuildConfiguration;
			buildSettings = {
				ALWAYS_SEARCH_USER_PATHS = NO;
				CLANG_CXX_LANGUAGE_STANDARD = "gnu++0x";
				CLANG_CXX_LIBRARY = "libc++";
				CLANG_ENABLE_OBJC_ARC = YES;
				CLANG_WARN_CONSTANT_CONVERSION = YES;
				CLANG_WARN_EMPTY_BODY = YES;
				CLANG_WARN_ENUM_CONVERSION = YES;
				CLANG_WARN_INT_CONVERSION = YES;
				CLANG_WARN__DUPLICATE_METHOD_MATCH = YES;
				"CODE_SIGN_IDENTITY[sdk=iphoneos*]" = "iPhone Developer";
				COPY_PHASE_STRIP = YES;
				GCC_C_LANGUAGE_STANDARD = gnu99;
				GCC_WARN_ABOUT_RETURN_TYPE = YES;
				GCC_WARN_UNINITIALIZED_AUTOS = YES;
				GCC_WARN_UNUSED_VARIABLE = YES;
				IPHONEOS_DEPLOYMENT_TARGET = 6.1;
				OTHER_CFLAGS = "-DNS_BLOCK_ASSERTIONS=1";
				SDKROOT = iphoneos;
				TARGETED_DEVICE_FAMILY = 2;
				VALIDATE_PRODUCT = YES;
			};
			name = Release;
		};
		0BB51F9D1822ADB2003C1073 /* Debug */ = {
			isa = XCBuildConfiguration;
			buildSettings = {
				GCC_PRECOMPILE_PREFIX_HEADER = YES;
				GCC_PREFIX_HEADER = "harrypotter_2/harrypotter_2-Prefix.pch";
				INFOPLIST_FILE = "harrypotter_2/harrypotter_2-Info.plist";
				PRODUCT_NAME = "$(TARGET_NAME)";
				WRAPPER_EXTENSION = app;
			};
			name = Debug;
		};
		0BB51F9E1822ADB2003C1073 /* Release */ = {
			isa = XCBuildConfiguration;
			buildSettings = {
				GCC_PRECOMPILE_PREFIX_HEADER = YES;
				GCC_PREFIX_HEADER = "harrypotter_2/harrypotter_2-Prefix.pch";
				INFOPLIST_FILE = "harrypotter_2/harrypotter_2-Info.plist";
				PRODUCT_NAME = "$(TARGET_NAME)";
				WRAPPER_EXTENSION = app;
			};
			name = Release;
		};
/* End XCBuildConfiguration section */

/* Begin XCConfigurationList section */
		0BB51F711822ADB2003C1073 /* Build configuration list for PBXProject "harrypotter_2" */ = {
			isa = XCConfigurationList;
			buildConfigurations = (
				0BB51F9A1822ADB2003C1073 /* Debug */,
				0BB51F9B1822ADB2003C1073 /* Release */,
			);
			defaultConfigurationIsVisible = 0;
			defaultConfigurationName = Release;
		};
		0BB51F9C1822ADB2003C1073 /* Build configuration list for PBXNativeTarget "harrypotter_2" */ = {
			isa = XCConfigurationList;
			buildConfigurations = (
				0BB51F9D1822ADB2003C1073 /* Debug */,
				0BB51F9E1822ADB2003C1073 /* Release */,
			);
			defaultConfigurationIsVisible = 0;
		};
/* End XCConfigurationList section */
	};
	rootObject = 0BB51F6E1822ADB2003C1073 /* Project object */;
}
