// !$*UTF8*$!
{
	archiveVersion = 1;
	classes = {
	};
	objectVersion = 46;
	objects = {

/* Begin PBXBuildFile section */
		0B9C2F1318045FE3009C5BC1 /* UIKit.framework in Frameworks */ = {isa = PBXBuildFile; fileRef = 0B9C2F1218045FE3009C5BC1 /* UIKit.framework */; };
		0B9C2F1518045FE3009C5BC1 /* Foundation.framework in Frameworks */ = {isa = PBXBuildFile; fileRef = 0B9C2F1418045FE3009C5BC1 /* Foundation.framework */; };
		0B9C2F1718045FE3009C5BC1 /* CoreGraphics.framework in Frameworks */ = {isa = PBXBuildFile; fileRef = 0B9C2F1618045FE3009C5BC1 /* CoreGraphics.framework */; };
		0B9C2F1D18045FE4009C5BC1 /* InfoPlist.strings in Resources */ = {isa = PBXBuildFile; fileRef = 0B9C2F1B18045FE4009C5BC1 /* InfoPlist.strings */; };
		0B9C2F1F18045FE4009C5BC1 /* main.m in Sources */ = {isa = PBXBuildFile; fileRef = 0B9C2F1E18045FE4009C5BC1 /* main.m */; };
		0B9C2F2318045FE4009C5BC1 /* MADAppDelegate.m in Sources */ = {isa = PBXBuildFile; fileRef = 0B9C2F2218045FE4009C5BC1 /* MADAppDelegate.m */; };
		0B9C2F2518045FE4009C5BC1 /* Default.png in Resources */ = {isa = PBXBuildFile; fileRef = 0B9C2F2418045FE4009C5BC1 /* Default.png */; };
		0B9C2F2718045FE4009C5BC1 /* Default@2x.png in Resources */ = {isa = PBXBuildFile; fileRef = 0B9C2F2618045FE4009C5BC1 /* Default@2x.png */; };
		0B9C2F2918045FE4009C5BC1 /* Default-568h@2x.png in Resources */ = {isa = PBXBuildFile; fileRef = 0B9C2F2818045FE4009C5BC1 /* Default-568h@2x.png */; };
		0B9C2F2C18045FE4009C5BC1 /* MADViewController.m in Sources */ = {isa = PBXBuildFile; fileRef = 0B9C2F2B18045FE4009C5BC1 /* MADViewController.m */; };
		0B9C2F2F18045FE4009C5BC1 /* MADViewController.xib in Resources */ = {isa = PBXBuildFile; fileRef = 0B9C2F2D18045FE4009C5BC1 /* MADViewController.xib */; };
		0B9C2F3618046000009C5BC1 /* artistalbums.plist in Resources */ = {isa = PBXBuildFile; fileRef = 0B9C2F3518046000009C5BC1 /* artistalbums.plist */; };
/* End PBXBuildFile section */

/* Begin PBXFileReference section */
		0B9C2F0F18045FE3009C5BC1 /* musicdependent.app */ = {isa = PBXFileReference; explicitFileType = wrapper.application; includeInIndex = 0; path = musicdependent.app; sourceTree = BUILT_PRODUCTS_DIR; };
		0B9C2F1218045FE3009C5BC1 /* UIKit.framework */ = {isa = PBXFileReference; lastKnownFileType = wrapper.framework; name = UIKit.framework; path = System/Library/Frameworks/UIKit.framework; sourceTree = SDKROOT; };
		0B9C2F1418045FE3009C5BC1 /* Foundation.framework */ = {isa = PBXFileReference; lastKnownFileType = wrapper.framework; name = Foundation.framework; path = System/Library/Frameworks/Foundation.framework; sourceTree = SDKROOT; };
		0B9C2F1618045FE3009C5BC1 /* CoreGraphics.framework */ = {isa = PBXFileReference; lastKnownFileType = wrapper.framework; name = CoreGraphics.framework; path = System/Library/Frameworks/CoreGraphics.framework; sourceTree = SDKROOT; };
		0B9C2F1A18045FE4009C5BC1 /* musicdependent-Info.plist */ = {isa = PBXFileReference; lastKnownFileType = text.plist.xml; path = "musicdependent-Info.plist"; sourceTree = "<group>"; };
		0B9C2F1C18045FE4009C5BC1 /* en */ = {isa = PBXFileReference; lastKnownFileType = text.plist.strings; name = en; path = en.lproj/InfoPlist.strings; sourceTree = "<group>"; };
		0B9C2F1E18045FE4009C5BC1 /* main.m */ = {isa = PBXFileReference; lastKnownFileType = sourcecode.c.objc; path = main.m; sourceTree = "<group>"; };
		0B9C2F2018045FE4009C5BC1 /* musicdependent-Prefix.pch */ = {isa = PBXFileReference; lastKnownFileType = sourcecode.c.h; path = "musicdependent-Prefix.pch"; sourceTree = "<group>"; };
		0B9C2F2118045FE4009C5BC1 /* MADAppDelegate.h */ = {isa = PBXFileReference; lastKnownFileType = sourcecode.c.h; path = MADAppDelegate.h; sourceTree = "<group>"; };
		0B9C2F2218045FE4009C5BC1 /* MADAppDelegate.m */ = {isa = PBXFileReference; lastKnownFileType = sourcecode.c.objc; path = MADAppDelegate.m; sourceTree = "<group>"; };
		0B9C2F2418045FE4009C5BC1 /* Default.png */ = {isa = PBXFileReference; lastKnownFileType = image.png; path = Default.png; sourceTree = "<group>"; };
		0B9C2F2618045FE4009C5BC1 /* Default@2x.png */ = {isa = PBXFileReference; lastKnownFileType = image.png; path = "Default@2x.png"; sourceTree = "<group>"; };
		0B9C2F2818045FE4009C5BC1 /* Default-568h@2x.png */ = {isa = PBXFileReference; lastKnownFileType = image.png; path = "Default-568h@2x.png"; sourceTree = "<group>"; };
		0B9C2F2A18045FE4009C5BC1 /* MADViewController.h */ = {isa = PBXFileReference; lastKnownFileType = sourcecode.c.h; path = MADViewController.h; sourceTree = "<group>"; };
		0B9C2F2B18045FE4009C5BC1 /* MADViewController.m */ = {isa = PBXFileReference; lastKnownFileType = sourcecode.c.objc; path = MADViewController.m; sourceTree = "<group>"; };
		0B9C2F2E18045FE4009C5BC1 /* en */ = {isa = PBXFileReference; lastKnownFileType = file.xib; name = en; path = en.lproj/MADViewController.xib; sourceTree = "<group>"; };
		0B9C2F3518046000009C5BC1 /* artistalbums.plist */ = {isa = PBXFileReference; fileEncoding = 4; lastKnownFileType = text.plist.xml; path = artistalbums.plist; sourceTree = "<group>"; };
/* End PBXFileReference section */

/* Begin PBXFrameworksBuildPhase section */
		0B9C2F0C18045FE3009C5BC1 /* Frameworks */ = {
			isa = PBXFrameworksBuildPhase;
			buildActionMask = 2147483647;
			files = (
				0B9C2F1318045FE3009C5BC1 /* UIKit.framework in Frameworks */,
				0B9C2F1518045FE3009C5BC1 /* Foundation.framework in Frameworks */,
				0B9C2F1718045FE3009C5BC1 /* CoreGraphics.framework in Frameworks */,
			);
			runOnlyForDeploymentPostprocessing = 0;
		};
/* End PBXFrameworksBuildPhase section */

/* Begin PBXGroup section */
		0B9C2F0618045FE3009C5BC1 = {
			isa = PBXGroup;
			children = (
				0B9C2F3518046000009C5BC1 /* artistalbums.plist */,
				0B9C2F1818045FE3009C5BC1 /* musicdependent */,
				0B9C2F1118045FE3009C5BC1 /* Frameworks */,
				0B9C2F1018045FE3009C5BC1 /* Products */,
			);
			sourceTree = "<group>";
		};
		0B9C2F1018045FE3009C5BC1 /* Products */ = {
			isa = PBXGroup;
			children = (
				0B9C2F0F18045FE3009C5BC1 /* musicdependent.app */,
			);
			name = Products;
			sourceTree = "<group>";
		};
		0B9C2F1118045FE3009C5BC1 /* Frameworks */ = {
			isa = PBXGroup;
			children = (
				0B9C2F1218045FE3009C5BC1 /* UIKit.framework */,
				0B9C2F1418045FE3009C5BC1 /* Foundation.framework */,
				0B9C2F1618045FE3009C5BC1 /* CoreGraphics.framework */,
			);
			name = Frameworks;
			sourceTree = "<group>";
		};
		0B9C2F1818045FE3009C5BC1 /* musicdependent */ = {
			isa = PBXGroup;
			children = (
				0B9C2F2118045FE4009C5BC1 /* MADAppDelegate.h */,
				0B9C2F2218045FE4009C5BC1 /* MADAppDelegate.m */,
				0B9C2F2A18045FE4009C5BC1 /* MADViewController.h */,
				0B9C2F2B18045FE4009C5BC1 /* MADViewController.m */,
				0B9C2F2D18045FE4009C5BC1 /* MADViewController.xib */,
				0B9C2F1918045FE4009C5BC1 /* Supporting Files */,
			);
			path = musicdependent;
			sourceTree = "<group>";
		};
		0B9C2F1918045FE4009C5BC1 /* Supporting Files */ = {
			isa = PBXGroup;
			children = (
				0B9C2F1A18045FE4009C5BC1 /* musicdependent-Info.plist */,
				0B9C2F1B18045FE4009C5BC1 /* InfoPlist.strings */,
				0B9C2F1E18045FE4009C5BC1 /* main.m */,
				0B9C2F2018045FE4009C5BC1 /* musicdependent-Prefix.pch */,
				0B9C2F2418045FE4009C5BC1 /* Default.png */,
				0B9C2F2618045FE4009C5BC1 /* Default@2x.png */,
				0B9C2F2818045FE4009C5BC1 /* Default-568h@2x.png */,
			);
			name = "Supporting Files";
			sourceTree = "<group>";
		};
/* End PBXGroup section */

/* Begin PBXNativeTarget section */
		0B9C2F0E18045FE3009C5BC1 /* musicdependent */ = {
			isa = PBXNativeTarget;
			buildConfigurationList = 0B9C2F3218045FE4009C5BC1 /* Build configuration list for PBXNativeTarget "musicdependent" */;
			buildPhases = (
				0B9C2F0B18045FE3009C5BC1 /* Sources */,
				0B9C2F0C18045FE3009C5BC1 /* Frameworks */,
				0B9C2F0D18045FE3009C5BC1 /* Resources */,
			);
			buildRules = (
			);
			dependencies = (
			);
			name = musicdependent;
			productName = musicdependent;
			productReference = 0B9C2F0F18045FE3009C5BC1 /* musicdependent.app */;
			productType = "com.apple.product-type.application";
		};
/* End PBXNativeTarget section */

/* Begin PBXProject section */
		0B9C2F0718045FE3009C5BC1 /* Project object */ = {
			isa = PBXProject;
			attributes = {
				CLASSPREFIX = MAD;
				LastUpgradeCheck = 0460;
				ORGANIZATIONNAME = "Emily Sayrs";
			};
			buildConfigurationList = 0B9C2F0A18045FE3009C5BC1 /* Build configuration list for PBXProject "musicdependent" */;
			compatibilityVersion = "Xcode 3.2";
			developmentRegion = English;
			hasScannedForEncodings = 0;
			knownRegions = (
				en,
			);
			mainGroup = 0B9C2F0618045FE3009C5BC1;
			productRefGroup = 0B9C2F1018045FE3009C5BC1 /* Products */;
			projectDirPath = "";
			projectRoot = "";
			targets = (
				0B9C2F0E18045FE3009C5BC1 /* musicdependent */,
			);
		};
/* End PBXProject section */

/* Begin PBXResourcesBuildPhase section */
		0B9C2F0D18045FE3009C5BC1 /* Resources */ = {
			isa = PBXResourcesBuildPhase;
			buildActionMask = 2147483647;
			files = (
				0B9C2F1D18045FE4009C5BC1 /* InfoPlist.strings in Resources */,
				0B9C2F2518045FE4009C5BC1 /* Default.png in Resources */,
				0B9C2F2718045FE4009C5BC1 /* Default@2x.png in Resources */,
				0B9C2F2918045FE4009C5BC1 /* Default-568h@2x.png in Resources */,
				0B9C2F2F18045FE4009C5BC1 /* MADViewController.xib in Resources */,
				0B9C2F3618046000009C5BC1 /* artistalbums.plist in Resources */,
			);
			runOnlyForDeploymentPostprocessing = 0;
		};
/* End PBXResourcesBuildPhase section */

/* Begin PBXSourcesBuildPhase section */
		0B9C2F0B18045FE3009C5BC1 /* Sources */ = {
			isa = PBXSourcesBuildPhase;
			buildActionMask = 2147483647;
			files = (
				0B9C2F1F18045FE4009C5BC1 /* main.m in Sources */,
				0B9C2F2318045FE4009C5BC1 /* MADAppDelegate.m in Sources */,
				0B9C2F2C18045FE4009C5BC1 /* MADViewController.m in Sources */,
			);
			runOnlyForDeploymentPostprocessing = 0;
		};
/* End PBXSourcesBuildPhase section */

/* Begin PBXVariantGroup section */
		0B9C2F1B18045FE4009C5BC1 /* InfoPlist.strings */ = {
			isa = PBXVariantGroup;
			children = (
				0B9C2F1C18045FE4009C5BC1 /* en */,
			);
			name = InfoPlist.strings;
			sourceTree = "<group>";
		};
		0B9C2F2D18045FE4009C5BC1 /* MADViewController.xib */ = {
			isa = PBXVariantGroup;
			children = (
				0B9C2F2E18045FE4009C5BC1 /* en */,
			);
			name = MADViewController.xib;
			sourceTree = "<group>";
		};
/* End PBXVariantGroup section */

/* Begin XCBuildConfiguration section */
		0B9C2F3018045FE4009C5BC1 /* Debug */ = {
			isa = XCBuildConfiguration;
			buildSettings = {
				ALWAYS_SEARCH_USER_PATHS = NO;
				CLANG_CXX_LANGUAGE_STANDARD = "gnu++0x";
				CLANG_CXX_LIBRARY = "libc++";
				CLANG_ENABLE_OBJC_ARC = YES;
				CLANG_WARN_CONSTANT_CONVERSION = YES;
				CLANG_WARN_EMPTY_BODY = YES;
				CLANG_WARN_ENUM_CONVERSION = YES;
				CLANG_WARN_INT_CONVERSION = YES;
				CLANG_WARN__DUPLICATE_METHOD_MATCH = YES;
				"CODE_SIGN_IDENTITY[sdk=iphoneos*]" = "iPhone Developer";
				COPY_PHASE_STRIP = NO;
				GCC_C_LANGUAGE_STANDARD = gnu99;
				GCC_DYNAMIC_NO_PIC = NO;
				GCC_OPTIMIZATION_LEVEL = 0;
				GCC_PREPROCESSOR_DEFINITIONS = (
					"DEBUG=1",
					"$(inherited)",
				);
				GCC_SYMBOLS_PRIVATE_EXTERN = NO;
				GCC_WARN_ABOUT_RETURN_TYPE = YES;
				GCC_WARN_UNINITIALIZED_AUTOS = YES;
				GCC_WARN_UNUSED_VARIABLE = YES;
				IPHONEOS_DEPLOYMENT_TARGET = 6.1;
				ONLY_ACTIVE_ARCH = YES;
				SDKROOT = iphoneos;
			};
			name = Debug;
		};
		0B9C2F3118045FE4009C5BC1 /* Release */ = {
			isa = XCBuildConfiguration;
			buildSettings = {
				ALWAYS_SEARCH_USER_PATHS = NO;
				CLANG_CXX_LANGUAGE_STANDARD = "gnu++0x";
				CLANG_CXX_LIBRARY = "libc++";
				CLANG_ENABLE_OBJC_ARC = YES;
				CLANG_WARN_CONSTANT_CONVERSION = YES;
				CLANG_WARN_EMPTY_BODY = YES;
				CLANG_WARN_ENUM_CONVERSION = YES;
				CLANG_WARN_INT_CONVERSION = YES;
				CLANG_WARN__DUPLICATE_METHOD_MATCH = YES;
				"CODE_SIGN_IDENTITY[sdk=iphoneos*]" = "iPhone Developer";
				COPY_PHASE_STRIP = YES;
				GCC_C_LANGUAGE_STANDARD = gnu99;
				GCC_WARN_ABOUT_RETURN_TYPE = YES;
				GCC_WARN_UNINITIALIZED_AUTOS = YES;
				GCC_WARN_UNUSED_VARIABLE = YES;
				IPHONEOS_DEPLOYMENT_TARGET = 6.1;
				OTHER_CFLAGS = "-DNS_BLOCK_ASSERTIONS=1";
				SDKROOT = iphoneos;
				VALIDATE_PRODUCT = YES;
			};
			name = Release;
		};
		0B9C2F3318045FE4009C5BC1 /* Debug */ = {
			isa = XCBuildConfiguration;
			buildSettings = {
				GCC_PRECOMPILE_PREFIX_HEADER = YES;
				GCC_PREFIX_HEADER = "musicdependent/musicdependent-Prefix.pch";
				INFOPLIST_FILE = "musicdependent/musicdependent-Info.plist";
				PRODUCT_NAME = "$(TARGET_NAME)";
				WRAPPER_EXTENSION = app;
			};
			name = Debug;
		};
		0B9C2F3418045FE4009C5BC1 /* Release */ = {
			isa = XCBuildConfiguration;
			buildSettings = {
				GCC_PRECOMPILE_PREFIX_HEADER = YES;
				GCC_PREFIX_HEADER = "musicdependent/musicdependent-Prefix.pch";
				INFOPLIST_FILE = "musicdependent/musicdependent-Info.plist";
				PRODUCT_NAME = "$(TARGET_NAME)";
				WRAPPER_EXTENSION = app;
			};
			name = Release;
		};
/* End XCBuildConfiguration section */

/* Begin XCConfigurationList section */
		0B9C2F0A18045FE3009C5BC1 /* Build configuration list for PBXProject "musicdependent" */ = {
			isa = XCConfigurationList;
			buildConfigurations = (
				0B9C2F3018045FE4009C5BC1 /* Debug */,
				0B9C2F3118045FE4009C5BC1 /* Release */,
			);
			defaultConfigurationIsVisible = 0;
			defaultConfigurationName = Release;
		};
		0B9C2F3218045FE4009C5BC1 /* Build configuration list for PBXNativeTarget "musicdependent" */ = {
			isa = XCConfigurationList;
			buildConfigurations = (
				0B9C2F3318045FE4009C5BC1 /* Debug */,
				0B9C2F3418045FE4009C5BC1 /* Release */,
			);
			defaultConfigurationIsVisible = 0;
		};
/* End XCConfigurationList section */
	};
	rootObject = 0B9C2F0718045FE3009C5BC1 /* Project object */;
}
